abnf==2.2.0
altair==6.2.2
annotated-types==0.8.0
anyio==4.15.1
attrs==26.1.0
backoff==2.2.1
cachetools==7.1.8
certifi==2026.7.22
cffi==2.1.1
chardet==7.6.0
charset-normalizer==3.5.1
cint==1.0.0
click==8.5.0
cryptography==50.0.1
diskcache-weave==5.6.3.post1
distro==1.9.0
docutils==0.23
duckdb==1.5.5
fastjsonschema==2.22.2
fickling==0.1.12
filelock==3.32.6
genai-prices==0.1.6
googleapis-common-protos==1.75.3
gql==4.0.0
graphql-core==3.2.12
graphviz==0.21
griffelib==2.3.0
h11==0.16.0
httpcore==1.0.9
httpcore2==2.12.0
httpx==0.28.1
httpx2==2.12.0
idna==3.19
intervaltree==3.2.1
itsdangerous==2.2.0
jedi==0.19.2
jinja2==3.1.6
jiter==0.17.0
jsonschema==4.26.0
jsonschema-specifications==2025.9.1
jupyter-core==5.9.1
kaitaistruct==0.11
logfire-api==5.1.0
loro==1.13.2
marimo==0.24.2
markdown==3.10.3
markupsafe==3.0.3
msgspec==0.21.1
multidict==6.8.0
narwhals==2.26.0
nbformat==5.11.1
networkx==3.6.1
openai==3.13.0
opentelemetry-api==1.44.0
opentelemetry-exporter-otlp-proto-common==1.44.0
opentelemetry-exporter-otlp-proto-http==1.44.0
opentelemetry-proto==1.44.0
opentelemetry-sdk==1.44.0
opentelemetry-semantic-conventions==0.65b0
packaging==26.3
parso==0.8.7
pdfminer-six==20260107
pillow==12.3.0
platformdirs==4.11.8
polars==1.44.2
polars-runtime-32==1.44.2
polyfile-weave==0.5.9
propcache==0.5.2
protobuf==7.36.1
psutil==7.2.2
pyarrow==25.0.1
pycparser==3.0
pydantic==2.13.5
pydantic-ai-slim==2.43.0
pydantic-core==2.46.5
pydantic-graph==2.43.0
pygments==2.21.0
pymdown-extensions==11.0.2
python-multipart==0.0.32
pyyaml==6.0.3
pyzmq==27.2.0
referencing==0.37.0
regex==2026.9.10
requests==2.34.2
rpds-py==2026.6.3
ruff==0.16.7
sentry-sdk==2.69.1
sniffio==1.3.1
sortedcontainers==2.4.0
sqlglot==30.18.0
sqlglotc==30.18.0
starlette==1.6.0
tenacity==9.1.4
tiktoken==0.14.0
tomlkit==0.15.1
traitlets==5.16.1
truststore==0.10.4
typing-extensions==4.16.0
typing-inspection==0.4.4
urllib3==2.7.0
uv==0.12.13
uvicorn==0.52.4
wandb==0.30.0
weave==0.53.9
websockets==17.1
xxhash==4.0.1
yarl==1.24.5
